
Microsoft Visual Studio Solution File, Format Version 12.00
# Visual Studio 2012
Project("{FAE04EC0-301F-11D3-BF4B-00C04F79EFBC}") = "mucopy", "mucopy\mucopy.csproj", "{03AA5BDA-235B-42B6-9A1A-F5C38D7F63CC}"
EndProject
Global
	GlobalSection(SolutionConfigurationPlatforms) = preSolution
		Debug|Any CPU = Debug|Any CPU
		Release|Any CPU = Release|Any CPU
	EndGlobalSection
	GlobalSection(ProjectConfigurationPlatforms) = postSolution
		{03AA5BDA-235B-42B6-9A1A-F5C38D7F63CC}.Debug|Any CPU.ActiveCfg = Debug|Any CPU
		{03AA5BDA-235B-42B6-9A1A-F5C38D7F63CC}.Debug|Any CPU.Build.0 = Debug|Any CPU
		{03AA5BDA-235B-42B6-9A1A-F5C38D7F63CC}.Release|Any CPU.ActiveCfg = Release|Any CPU
		{03AA5BDA-235B-42B6-9A1A-F5C38D7F63CC}.Release|Any CPU.Build.0 = Release|Any CPU
	EndGlobalSection
	GlobalSection(SolutionProperties) = preSolution
		HideSolutionNode = FALSE
	EndGlobalSection
EndGlobal
